<?xml version="1.0" encoding="UTF-8"?>
<Scheme
   LastUpgradeVersion = "1500"
   version = "1.7">
   <BuildAction
      parallelizeBuildables = "YES"
      buildImplicitDependencies = "YES">
      <PreActions>
         <ExecutionAction
            ActionType = "Xcode.IDEStandardExecutionActionsCore.ExecutionActionType.ShellScriptAction">
            <ActionContent
               title = "Pre-build Script"
               scriptText = "echo &quot;Building Wildlife Safari with ML/AR support&quot;"
               shellToInvoke = "/bin/sh">
            </ActionContent>
         </ExecutionAction>
      </PreActions>
      <BuildActionEntries>
         <BuildActionEntry
            buildForTesting = "YES"
            buildForRunning = "YES"
            buildForProfiling = "YES"
            buildForArchiving = "YES"
            buildForAnalyzing = "YES">
            <BuildableReference
               BuildableIdentifier = "primary"
               BlueprintIdentifier = "WildlifeSafari"
               BuildableName = "WildlifeSafari.app"
               BlueprintName = "WildlifeSafari"
               ReferencedContainer = "container:WildlifeSafari.xcodeproj">
            </BuildableReference>
         </BuildActionEntry>
      </BuildActionEntries>
   </BuildAction>
   <TestAction
      buildConfiguration = "Debug"
      selectedDebuggerIdentifier = "Xcode.DebuggerFoundation.Debugger.LLDB"
      selectedLauncherIdentifier = "Xcode.DebuggerFoundation.Launcher.LLDB"
      shouldUseLaunchSchemeArgsEnv = "YES"
      codeCoverageEnabled = "YES">
      <TestPlans>
         <TestPlanReference
            reference = "container:WildlifeSafariTestPlan.xctestplan"
            default = "YES">
         </TestPlanReference>
      </TestPlans>
      <Testables>
         <TestableReference
            skipped = "NO">
            <BuildableReference
               BuildableIdentifier = "primary"
               BlueprintIdentifier = "WildlifeSafariTests"
               BuildableName = "WildlifeSafariTests.xctest"
               BlueprintName = "WildlifeSafariTests"
               ReferencedContainer = "container:WildlifeSafari.xcodeproj">
            </BuildableReference>
         </TestableReference>
         <TestableReference
            skipped = "NO">
            <BuildableReference
               BuildableIdentifier = "primary"
               BlueprintIdentifier = "WildlifeSafariUITests"
               BuildableName = "WildlifeSafariUITests.xctest"
               BlueprintName = "WildlifeSafariUITests"
               ReferencedContainer = "container:WildlifeSafari.xcodeproj">
            </BuildableReference>
         </TestableReference>
      </Testables>
   </TestAction>
   <LaunchAction
      buildConfiguration = "Debug"
      selectedDebuggerIdentifier = "Xcode.DebuggerFoundation.Debugger.LLDB"
      selectedLauncherIdentifier = "Xcode.DebuggerFoundation.Launcher.LLDB"
      launchStyle = "0"
      useCustomWorkingDirectory = "NO"
      ignoresPersistentStateOnLaunch = "NO"
      debugDocumentVersioning = "YES"
      debugServiceExtension = "internal"
      allowLocationSimulation = "YES"
      enableGPUFrameCaptureMode = "1"
      enableMetalValidation = "YES">
      <BuildableProductRunnable
         runnableDebuggingMode = "0">
         <BuildableReference
            BuildableIdentifier = "primary"
            BlueprintIdentifier = "WildlifeSafari"
            BuildableName = "WildlifeSafari.app"
            BlueprintName = "WildlifeSafari"
            ReferencedContainer = "container:WildlifeSafari.xcodeproj">
         </BuildableReference>
      </BuildableProductRunnable>
      <EnvironmentVariables>
         <EnvironmentVariable
            key = "ENABLE_TESTING"
            value = "YES"
            isEnabled = "YES">
         </EnvironmentVariable>
         <EnvironmentVariable
            key = "ENABLE_PREVIEWS"
            value = "YES"
            isEnabled = "YES">
         </EnvironmentVariable>
         <EnvironmentVariable
            key = "ENABLE_METAL"
            value = "YES"
            isEnabled = "YES">
         </EnvironmentVariable>
         <EnvironmentVariable
            key = "ENABLE_LNN_DEBUG"
            value = "NO"
            isEnabled = "YES">
         </EnvironmentVariable>
         <EnvironmentVariable
            key = "METAL_DEVICE_WRAPPER_TYPE"
            value = "1"
            isEnabled = "YES">
         </EnvironmentVariable>
         <EnvironmentVariable
            key = "MTL_ENABLE_DEBUG_LAYER"
            value = "1"
            isEnabled = "YES">
         </EnvironmentVariable>
         <EnvironmentVariable
            key = "ENABLE_OFFLINE_MODE"
            value = "YES"
            isEnabled = "YES">
         </EnvironmentVariable>
         <EnvironmentVariable
            key = "ENABLE_ML_OPTIMIZATION"
            value = "YES"
            isEnabled = "YES">
         </EnvironmentVariable>
      </EnvironmentVariables>
      <MacroExpansion>
         <BuildableReference
            BuildableIdentifier = "primary"
            BlueprintIdentifier = "WildlifeSafari"
            BuildableName = "WildlifeSafari.app"
            BlueprintName = "WildlifeSafari"
            ReferencedContainer = "container:WildlifeSafari.xcodeproj">
         </BuildableReference>
      </MacroExpansion>
   </LaunchAction>
   <ProfileAction
      buildConfiguration = "Release"
      shouldUseLaunchSchemeArgsEnv = "YES"
      savedToolIdentifier = ""
      useCustomWorkingDirectory = "NO"
      debugDocumentVersioning = "YES"
      enableMetalFrameCaptureMode = "YES">
      <BuildableProductRunnable
         runnableDebuggingMode = "0">
         <BuildableReference
            BuildableIdentifier = "primary"
            BlueprintIdentifier = "WildlifeSafari"
            BuildableName = "WildlifeSafari.app"
            BlueprintName = "WildlifeSafari"
            ReferencedContainer = "container:WildlifeSafari.xcodeproj">
         </BuildableReference>
      </BuildableProductRunnable>
   </ProfileAction>
   <AnalyzeAction
      buildConfiguration = "Debug">
      <EnabledSanitizerOptions>
         <SanitizerOption
            enabled = "YES"
            type = "Thread">
         </SanitizerOption>
         <SanitizerOption
            enabled = "YES"
            type = "UndefinedBehavior">
         </SanitizerOption>
      </EnabledSanitizerOptions>
   </AnalyzeAction>
   <ArchiveAction
      buildConfiguration = "Release"
      revealArchiveInOrganizer = "YES"
      customArchiveName = "WildlifeSafari-$(CURRENT_PROJECT_VERSION)">
   </ArchiveAction>
</Scheme>